
Microsoft Visual Studio Solution File, Format Version 12.00
# Visual Studio Version 17
VisualStudioVersion = 17.14.36301.6
MinimumVisualStudioVersion = 10.0.40219.1
Project("{2150E333-8FDC-42A3-9474-1A3956D46DE8}") = "core", "core", "{02EA681E-C7D8-13C7-8484-4AC65E1B71E8}"
EndProject
Project("{2150E333-8FDC-42A3-9474-1A3956D46DE8}") = "app", "app", "{C8745CC9-9F76-4696-B4E5-438796BC73D9}"
EndProject
Project("{2150E333-8FDC-42A3-9474-1A3956D46DE8}") = "test", "test", "{79C5FDC4-FBDC-45B6-AB0E-FBCB7E06030D}"
EndProject
Project("{2150E333-8FDC-42A3-9474-1A3956D46DE8}") = "test", "test", "{1A881433-3914-4209-9A5E-81593AD3B85D}"
EndProject
Project("{2150E333-8FDC-42A3-9474-1A3956D46DE8}") = "Solution Items", "Solution Items", "{8EC462FD-D22E-90A8-E5CE-7E832BA40C5D}"
	ProjectSection(SolutionItems) = preProject
		.csharpierignore = .csharpierignore
		.csharpierrc.yaml = .csharpierrc.yaml
		.editorconfig = .editorconfig
		.gitattributes = .gitattributes
		.gitignore = .gitignore
		Directory.Build.props = Directory.Build.props
		global.json = global.json
		icon-color.png = icon-color.png
		LICENSE.txt = LICENSE.txt
		README.md = README.md
	EndProjectSection
EndProject
Project("{FAE04EC0-301F-11D3-BF4B-00C04F79EFBC}") = "TeamBuild.AdminApp", "app\TeamBuild.AdminApp\TeamBuild.AdminApp.csproj", "{5286D2EC-A765-4654-86EB-C1A29E6013CA}"
EndProject
Project("{FAE04EC0-301F-11D3-BF4B-00C04F79EFBC}") = "TeamBuild.ServiceDefaults", "app\TeamBuild.ServiceDefaults\TeamBuild.ServiceDefaults.csproj", "{7CC455E1-E2DF-4BD7-B2EE-89701717EDF5}"
EndProject
Project("{FAE04EC0-301F-11D3-BF4B-00C04F79EFBC}") = "TeamBuild.AppHost", "app\TeamBuild.AppHost\TeamBuild.AppHost.csproj", "{B11AF543-A7F8-4522-9711-D6374FCA9C2D}"
EndProject
Project("{2150E333-8FDC-42A3-9474-1A3956D46DE8}") = "projects", "projects", "{746A7165-283F-4A39-BE4A-E34B239B239E}"
EndProject
Project("{FAE04EC0-301F-11D3-BF4B-00C04F79EFBC}") = "TeamBuild.Core.Blazor", "core\TeamBuild.Core.Blazor\TeamBuild.Core.Blazor.csproj", "{A1D32163-AC22-4D30-B8C7-3A1A4565DE48}"
EndProject
Project("{FAE04EC0-301F-11D3-BF4B-00C04F79EFBC}") = "TeamBuild.Core.MudBlazor", "core\TeamBuild.Core.MudBlazor\TeamBuild.Core.MudBlazor.csproj", "{2A39DDD5-BE07-47EE-B3F2-4DCF5D5E93EB}"
EndProject
Project("{FAE04EC0-301F-11D3-BF4B-00C04F79EFBC}") = "TeamBuild.Core", "core\TeamBuild.Core\TeamBuild.Core.csproj", "{52504CA5-7A7A-477D-A0E0-2B23E684BF83}"
EndProject
Project("{FAE04EC0-301F-11D3-BF4B-00C04F79EFBC}") = "TeamBuild.Projects.Blazor", "app\projects\TeamBuild.Projects.Blazor\TeamBuild.Projects.Blazor.csproj", "{1BBAF26D-5EA8-4746-8E50-CEB47FACAC24}"
EndProject
Project("{FAE04EC0-301F-11D3-BF4B-00C04F79EFBC}") = "TeamBuild.Projects.MudBlazor", "app\projects\TeamBuild.Projects.MudBlazor\TeamBuild.Projects.MudBlazor.csproj", "{FB070476-9EC9-4989-818A-75FA7E242084}"
EndProject
Global
	GlobalSection(SolutionConfigurationPlatforms) = preSolution
		Debug|Any CPU = Debug|Any CPU
		Release|Any CPU = Release|Any CPU
	EndGlobalSection
	GlobalSection(ProjectConfigurationPlatforms) = postSolution
		{5286D2EC-A765-4654-86EB-C1A29E6013CA}.Debug|Any CPU.ActiveCfg = Debug|Any CPU
		{5286D2EC-A765-4654-86EB-C1A29E6013CA}.Debug|Any CPU.Build.0 = Debug|Any CPU
		{5286D2EC-A765-4654-86EB-C1A29E6013CA}.Release|Any CPU.ActiveCfg = Release|Any CPU
		{5286D2EC-A765-4654-86EB-C1A29E6013CA}.Release|Any CPU.Build.0 = Release|Any CPU
		{7CC455E1-E2DF-4BD7-B2EE-89701717EDF5}.Debug|Any CPU.ActiveCfg = Debug|Any CPU
		{7CC455E1-E2DF-4BD7-B2EE-89701717EDF5}.Debug|Any CPU.Build.0 = Debug|Any CPU
		{7CC455E1-E2DF-4BD7-B2EE-89701717EDF5}.Release|Any CPU.ActiveCfg = Release|Any CPU
		{7CC455E1-E2DF-4BD7-B2EE-89701717EDF5}.Release|Any CPU.Build.0 = Release|Any CPU
		{B11AF543-A7F8-4522-9711-D6374FCA9C2D}.Debug|Any CPU.ActiveCfg = Debug|Any CPU
		{B11AF543-A7F8-4522-9711-D6374FCA9C2D}.Debug|Any CPU.Build.0 = Debug|Any CPU
		{B11AF543-A7F8-4522-9711-D6374FCA9C2D}.Release|Any CPU.ActiveCfg = Release|Any CPU
		{B11AF543-A7F8-4522-9711-D6374FCA9C2D}.Release|Any CPU.Build.0 = Release|Any CPU
		{A1D32163-AC22-4D30-B8C7-3A1A4565DE48}.Debug|Any CPU.ActiveCfg = Debug|Any CPU
		{A1D32163-AC22-4D30-B8C7-3A1A4565DE48}.Debug|Any CPU.Build.0 = Debug|Any CPU
		{A1D32163-AC22-4D30-B8C7-3A1A4565DE48}.Release|Any CPU.ActiveCfg = Release|Any CPU
		{A1D32163-AC22-4D30-B8C7-3A1A4565DE48}.Release|Any CPU.Build.0 = Release|Any CPU
		{2A39DDD5-BE07-47EE-B3F2-4DCF5D5E93EB}.Debug|Any CPU.ActiveCfg = Debug|Any CPU
		{2A39DDD5-BE07-47EE-B3F2-4DCF5D5E93EB}.Debug|Any CPU.Build.0 = Debug|Any CPU
		{2A39DDD5-BE07-47EE-B3F2-4DCF5D5E93EB}.Release|Any CPU.ActiveCfg = Release|Any CPU
		{2A39DDD5-BE07-47EE-B3F2-4DCF5D5E93EB}.Release|Any CPU.Build.0 = Release|Any CPU
		{52504CA5-7A7A-477D-A0E0-2B23E684BF83}.Debug|Any CPU.ActiveCfg = Debug|Any CPU
		{52504CA5-7A7A-477D-A0E0-2B23E684BF83}.Debug|Any CPU.Build.0 = Debug|Any CPU
		{52504CA5-7A7A-477D-A0E0-2B23E684BF83}.Release|Any CPU.ActiveCfg = Release|Any CPU
		{52504CA5-7A7A-477D-A0E0-2B23E684BF83}.Release|Any CPU.Build.0 = Release|Any CPU
		{1BBAF26D-5EA8-4746-8E50-CEB47FACAC24}.Debug|Any CPU.ActiveCfg = Debug|Any CPU
		{1BBAF26D-5EA8-4746-8E50-CEB47FACAC24}.Debug|Any CPU.Build.0 = Debug|Any CPU
		{1BBAF26D-5EA8-4746-8E50-CEB47FACAC24}.Release|Any CPU.ActiveCfg = Release|Any CPU
		{1BBAF26D-5EA8-4746-8E50-CEB47FACAC24}.Release|Any CPU.Build.0 = Release|Any CPU
		{FB070476-9EC9-4989-818A-75FA7E242084}.Debug|Any CPU.ActiveCfg = Debug|Any CPU
		{FB070476-9EC9-4989-818A-75FA7E242084}.Debug|Any CPU.Build.0 = Debug|Any CPU
		{FB070476-9EC9-4989-818A-75FA7E242084}.Release|Any CPU.ActiveCfg = Release|Any CPU
		{FB070476-9EC9-4989-818A-75FA7E242084}.Release|Any CPU.Build.0 = Release|Any CPU
	EndGlobalSection
	GlobalSection(SolutionProperties) = preSolution
		HideSolutionNode = FALSE
	EndGlobalSection
	GlobalSection(NestedProjects) = preSolution
		{79C5FDC4-FBDC-45B6-AB0E-FBCB7E06030D} = {02EA681E-C7D8-13C7-8484-4AC65E1B71E8}
		{1A881433-3914-4209-9A5E-81593AD3B85D} = {746A7165-283F-4A39-BE4A-E34B239B239E}
		{5286D2EC-A765-4654-86EB-C1A29E6013CA} = {C8745CC9-9F76-4696-B4E5-438796BC73D9}
		{7CC455E1-E2DF-4BD7-B2EE-89701717EDF5} = {C8745CC9-9F76-4696-B4E5-438796BC73D9}
		{B11AF543-A7F8-4522-9711-D6374FCA9C2D} = {C8745CC9-9F76-4696-B4E5-438796BC73D9}
		{746A7165-283F-4A39-BE4A-E34B239B239E} = {C8745CC9-9F76-4696-B4E5-438796BC73D9}
		{A1D32163-AC22-4D30-B8C7-3A1A4565DE48} = {02EA681E-C7D8-13C7-8484-4AC65E1B71E8}
		{2A39DDD5-BE07-47EE-B3F2-4DCF5D5E93EB} = {02EA681E-C7D8-13C7-8484-4AC65E1B71E8}
		{52504CA5-7A7A-477D-A0E0-2B23E684BF83} = {02EA681E-C7D8-13C7-8484-4AC65E1B71E8}
		{1BBAF26D-5EA8-4746-8E50-CEB47FACAC24} = {746A7165-283F-4A39-BE4A-E34B239B239E}
		{FB070476-9EC9-4989-818A-75FA7E242084} = {746A7165-283F-4A39-BE4A-E34B239B239E}
	EndGlobalSection
	GlobalSection(ExtensibilityGlobals) = postSolution
		SolutionGuid = {964D0E61-E64B-4867-83D8-C26B15689EF0}
	EndGlobalSection
EndGlobal
